
Microsoft Visual Studio Solution File, Format Version 12.00
# Visual Studio 15
Project("{FAE04EC0-301F-11D3-BF4B-00C04F79EFBC}") = "UnityEngine.UI", "UnityEngine.UI.csproj", "{873FBDB8-44B0-C3A4-86E4-311F48098302}"
EndProject
Project("{FAE04EC0-301F-11D3-BF4B-00C04F79EFBC}") = "UnityEngine.TestRunner", "UnityEngine.TestRunner.csproj", "{AA340B18-9D38-F33A-9B61-CCE00D2AB8EC}"
EndProject
Project("{FAE04EC0-301F-11D3-BF4B-00C04F79EFBC}") = "Unity.Mathematics", "Unity.Mathematics.csproj", "{AEF08BFD-37D3-600A-0E9E-732D8990C919}"
EndProject
Project("{FAE04EC0-301F-11D3-BF4B-00C04F79EFBC}") = "Unity.2D.Animation.Triangle.Runtime", "Unity.2D.Animation.Triangle.Runtime.csproj", "{78AF2C63-2D55-CDFA-0ADB-1BE1E20B1D7B}"
EndProject
Project("{FAE04EC0-301F-11D3-BF4B-00C04F79EFBC}") = "Unity.Timeline", "Unity.Timeline.csproj", "{F3B8D2D8-8899-604E-B74A-7EBCF6986BEF}"
EndProject
Project("{FAE04EC0-301F-11D3-BF4B-00C04F79EFBC}") = "Unity.TextMeshPro", "Unity.TextMeshPro.csproj", "{C4E5ACF7-D8F7-0714-F213-CE22BE39D05A}"
EndProject
Project("{FAE04EC0-301F-11D3-BF4B-00C04F79EFBC}") = "Unity.2D.Animation.Runtime", "Unity.2D.Animation.Runtime.csproj", "{40ABD9F3-D8A2-AFA5-4687-42A04B5FA566}"
EndProject
Project("{FAE04EC0-301F-11D3-BF4B-00C04F79EFBC}") = "Unity.2D.IK.Runtime", "Unity.2D.IK.Runtime.csproj", "{CFA4C2A4-D3FB-B6D9-C688-FCF203FF7781}"
EndProject
Project("{FAE04EC0-301F-11D3-BF4B-00C04F79EFBC}") = "Unity.2D.SpriteShape.Runtime", "Unity.2D.SpriteShape.Runtime.csproj", "{A005AF14-BEDC-50EC-A143-DD6122CF24E1}"
EndProject
Project("{FAE04EC0-301F-11D3-BF4B-00C04F79EFBC}") = "Unity.2D.PixelPerfect", "Unity.2D.PixelPerfect.csproj", "{ED2E690C-4C21-76A7-1D33-1425AA278787}"
EndProject
Project("{FAE04EC0-301F-11D3-BF4B-00C04F79EFBC}") = "Assembly-CSharp", "Assembly-CSharp.csproj", "{350EDE53-63A9-3259-6DC5-B3AC788254C3}"
EndProject
Project("{FAE04EC0-301F-11D3-BF4B-00C04F79EFBC}") = "Unity.2D.Common.Runtime", "Unity.2D.Common.Runtime.csproj", "{E92C875F-C469-EDBA-7EC4-3E74E2620AC0}"
EndProject
Project("{FAE04EC0-301F-11D3-BF4B-00C04F79EFBC}") = "Unity.InternalAPIEngineBridge.001", "Unity.InternalAPIEngineBridge.001.csproj", "{B3D3BE13-E090-0DE0-EFB4-3965B0A2DC0F}"
EndProject
Project("{FAE04EC0-301F-11D3-BF4B-00C04F79EFBC}") = "UnityEditor.TestRunner", "UnityEditor.TestRunner.csproj", "{8EC9B41E-0252-22F1-EC63-E9718B2D6F5D}"
EndProject
Project("{FAE04EC0-301F-11D3-BF4B-00C04F79EFBC}") = "Unity.PlasticSCM.Editor", "Unity.PlasticSCM.Editor.csproj", "{D76D3193-2212-5A92-DDA7-F2127DAFE216}"
EndProject
Project("{FAE04EC0-301F-11D3-BF4B-00C04F79EFBC}") = "UnityEditor.UI", "UnityEditor.UI.csproj", "{28256D9A-3641-5320-0C7D-19C6ED092318}"
EndProject
Project("{FAE04EC0-301F-11D3-BF4B-00C04F79EFBC}") = "Unity.Timeline.Editor", "Unity.Timeline.Editor.csproj", "{EE25F451-B157-C2CC-D995-B6844211B127}"
EndProject
Project("{FAE04EC0-301F-11D3-BF4B-00C04F79EFBC}") = "Unity.VisualStudio.Editor", "Unity.VisualStudio.Editor.csproj", "{5863FB8E-CD08-0F4B-923C-0779C449354D}"
EndProject
Project("{FAE04EC0-301F-11D3-BF4B-00C04F79EFBC}") = "Unity.2D.Psdimporter.Editor", "Unity.2D.Psdimporter.Editor.csproj", "{B8484584-9145-DF56-51C9-E0EC283E8969}"
EndProject
Project("{FAE04EC0-301F-11D3-BF4B-00C04F79EFBC}") = "Unity.2D.Animation.Editor", "Unity.2D.Animation.Editor.csproj", "{6F623201-6EB4-FF1F-A241-DEE8781B3ECA}"
EndProject
Project("{FAE04EC0-301F-11D3-BF4B-00C04F79EFBC}") = "Unity.TextMeshPro.Editor", "Unity.TextMeshPro.Editor.csproj", "{0A95653A-F4AA-C09B-CE09-8D42E2821EB2}"
EndProject
Project("{FAE04EC0-301F-11D3-BF4B-00C04F79EFBC}") = "Unity.2D.SpriteShape.Editor", "Unity.2D.SpriteShape.Editor.csproj", "{EB96A665-0713-3584-3EF9-738151131E27}"
EndProject
Project("{FAE04EC0-301F-11D3-BF4B-00C04F79EFBC}") = "Unity.CollabProxy.Editor", "Unity.CollabProxy.Editor.csproj", "{F8A58CCD-5D8B-2C6F-FE50-F884BFB212FE}"
EndProject
Project("{FAE04EC0-301F-11D3-BF4B-00C04F79EFBC}") = "PsdPlugin", "PsdPlugin.csproj", "{07A9880A-84BD-4C52-6509-A3F6B5DD9B61}"
EndProject
Project("{FAE04EC0-301F-11D3-BF4B-00C04F79EFBC}") = "Unity.2D.Path.Editor", "Unity.2D.Path.Editor.csproj", "{71224616-E8C3-D28E-8755-4B6026A7EE01}"
EndProject
Project("{FAE04EC0-301F-11D3-BF4B-00C04F79EFBC}") = "Unity.Rider.Editor", "Unity.Rider.Editor.csproj", "{30BFCF42-0468-7B64-0EE6-563886D5CCF9}"
EndProject
Project("{FAE04EC0-301F-11D3-BF4B-00C04F79EFBC}") = "Unity.2D.IK.Editor", "Unity.2D.IK.Editor.csproj", "{956CF797-38F6-A23C-8C70-E76F64E91EBE}"
EndProject
Project("{FAE04EC0-301F-11D3-BF4B-00C04F79EFBC}") = "Unity.2D.Sprite.Editor", "Unity.2D.Sprite.Editor.csproj", "{647B6704-4B32-C760-2F3F-5D73EE6C0C2C}"
EndProject
Project("{FAE04EC0-301F-11D3-BF4B-00C04F79EFBC}") = "Unity.2D.Tilemap.Editor", "Unity.2D.Tilemap.Editor.csproj", "{D0530D4E-D376-AFEC-EC96-3493E16779E7}"
EndProject
Project("{FAE04EC0-301F-11D3-BF4B-00C04F79EFBC}") = "Unity.2D.PixelPerfect.Editor", "Unity.2D.PixelPerfect.Editor.csproj", "{1EFAD670-99FA-D0BD-0A61-A4DB39D3BDED}"
EndProject
Project("{FAE04EC0-301F-11D3-BF4B-00C04F79EFBC}") = "Unity.VSCode.Editor", "Unity.VSCode.Editor.csproj", "{FE54BF53-C2A6-8A97-D992-A76F91CEA377}"
EndProject
Project("{FAE04EC0-301F-11D3-BF4B-00C04F79EFBC}") = "Unity.2D.Common.Editor", "Unity.2D.Common.Editor.csproj", "{03508CB2-C337-EE5F-4039-DFD8A86C826A}"
EndProject
Project("{FAE04EC0-301F-11D3-BF4B-00C04F79EFBC}") = "Unity.Mathematics.Editor", "Unity.Mathematics.Editor.csproj", "{F74DAA2A-8E9B-0CB9-6E79-D78D9B6CBC85}"
EndProject
Project("{FAE04EC0-301F-11D3-BF4B-00C04F79EFBC}") = "Unity.InternalAPIEditorBridge.001", "Unity.InternalAPIEditorBridge.001.csproj", "{5F4FD81B-4F52-DE09-7CFB-DD49B7C59024}"
EndProject
Project("{FAE04EC0-301F-11D3-BF4B-00C04F79EFBC}") = "UnityEngine.UI", "UnityEngine.UI.Player.csproj", "{EF967A91-BCE6-9B58-75E9-1DFF2A4C7464}"
EndProject
Project("{FAE04EC0-301F-11D3-BF4B-00C04F79EFBC}") = "UnityEngine.TestRunner", "UnityEngine.TestRunner.Player.csproj", "{64C9C640-4E99-5A20-B3D2-E7DD2571BAEF}"
EndProject
Project("{FAE04EC0-301F-11D3-BF4B-00C04F79EFBC}") = "Unity.Mathematics", "Unity.Mathematics.Player.csproj", "{3E89B8D3-2E3C-035A-F26E-5F96A991E58C}"
EndProject
Project("{FAE04EC0-301F-11D3-BF4B-00C04F79EFBC}") = "Unity.2D.Animation.Triangle.Runtime", "Unity.2D.Animation.Triangle.Runtime.Player.csproj", "{C0E5F2B9-A875-DE20-88D5-3ECF640C0D6F}"
EndProject
Project("{FAE04EC0-301F-11D3-BF4B-00C04F79EFBC}") = "Unity.Timeline", "Unity.Timeline.Player.csproj", "{CAB81B5E-67AD-4256-7751-BE6391349451}"
EndProject
Project("{FAE04EC0-301F-11D3-BF4B-00C04F79EFBC}") = "Unity.TextMeshPro", "Unity.TextMeshPro.Player.csproj", "{C3CF2E62-1481-F803-8E14-2C749D27577A}"
EndProject
Project("{FAE04EC0-301F-11D3-BF4B-00C04F79EFBC}") = "Unity.2D.Animation.Runtime", "Unity.2D.Animation.Runtime.Player.csproj", "{689E7BA6-1F40-FA6F-EEAC-A3FF6BAB884A}"
EndProject
Project("{FAE04EC0-301F-11D3-BF4B-00C04F79EFBC}") = "Unity.2D.IK.Runtime", "Unity.2D.IK.Runtime.Player.csproj", "{17D3DBFF-49DC-1A78-EC2B-B076DA635A0C}"
EndProject
Project("{FAE04EC0-301F-11D3-BF4B-00C04F79EFBC}") = "Unity.2D.SpriteShape.Runtime", "Unity.2D.SpriteShape.Runtime.Player.csproj", "{300AF097-50BF-AB20-05E0-795F19F3B0F0}"
EndProject
Project("{FAE04EC0-301F-11D3-BF4B-00C04F79EFBC}") = "Unity.2D.PixelPerfect", "Unity.2D.PixelPerfect.Player.csproj", "{D0E84B73-6E8C-D202-B9E0-D48B66093F0A}"
EndProject
Project("{FAE04EC0-301F-11D3-BF4B-00C04F79EFBC}") = "Assembly-CSharp", "Assembly-CSharp.Player.csproj", "{4F0C57E0-1C35-8505-94A1-C9234AC2A610}"
EndProject
Project("{FAE04EC0-301F-11D3-BF4B-00C04F79EFBC}") = "Unity.2D.Common.Runtime", "Unity.2D.Common.Runtime.Player.csproj", "{600763E7-5E7C-C4A8-AA9C-99C099BB3A90}"
EndProject
Project("{FAE04EC0-301F-11D3-BF4B-00C04F79EFBC}") = "Unity.InternalAPIEngineBridge.001", "Unity.InternalAPIEngineBridge.001.Player.csproj", "{E1A59B16-716B-2077-0427-1CB143F54806}"
EndProject
Global
	GlobalSection(SolutionConfigurationPlatforms) = preSolution
		Debug|Any CPU = Debug|Any CPU
		Release|Any CPU = Release|Any CPU
	EndGlobalSection
	GlobalSection(ProjectConfigurationPlatforms) = postSolution
		{873FBDB8-44B0-C3A4-86E4-311F48098302}.Debug|Any CPU.ActiveCfg = Debug|Any CPU
		{873FBDB8-44B0-C3A4-86E4-311F48098302}.Debug|Any CPU.Build.0 = Debug|Any CPU
		{873FBDB8-44B0-C3A4-86E4-311F48098302}.Release|Any CPU.ActiveCfg = Release|Any CPU
		{873FBDB8-44B0-C3A4-86E4-311F48098302}.Release|Any CPU.Build.0 = Release|Any CPU
		{AA340B18-9D38-F33A-9B61-CCE00D2AB8EC}.Debug|Any CPU.ActiveCfg = Debug|Any CPU
		{AA340B18-9D38-F33A-9B61-CCE00D2AB8EC}.Debug|Any CPU.Build.0 = Debug|Any CPU
		{AA340B18-9D38-F33A-9B61-CCE00D2AB8EC}.Release|Any CPU.ActiveCfg = Release|Any CPU
		{AA340B18-9D38-F33A-9B61-CCE00D2AB8EC}.Release|Any CPU.Build.0 = Release|Any CPU
		{AEF08BFD-37D3-600A-0E9E-732D8990C919}.Debug|Any CPU.ActiveCfg = Debug|Any CPU
		{AEF08BFD-37D3-600A-0E9E-732D8990C919}.Debug|Any CPU.Build.0 = Debug|Any CPU
		{AEF08BFD-37D3-600A-0E9E-732D8990C919}.Release|Any CPU.ActiveCfg = Release|Any CPU
		{AEF08BFD-37D3-600A-0E9E-732D8990C919}.Release|Any CPU.Build.0 = Release|Any CPU
		{78AF2C63-2D55-CDFA-0ADB-1BE1E20B1D7B}.Debug|Any CPU.ActiveCfg = Debug|Any CPU
		{78AF2C63-2D55-CDFA-0ADB-1BE1E20B1D7B}.Debug|Any CPU.Build.0 = Debug|Any CPU
		{78AF2C63-2D55-CDFA-0ADB-1BE1E20B1D7B}.Release|Any CPU.ActiveCfg = Release|Any CPU
		{78AF2C63-2D55-CDFA-0ADB-1BE1E20B1D7B}.Release|Any CPU.Build.0 = Release|Any CPU
		{F3B8D2D8-8899-604E-B74A-7EBCF6986BEF}.Debug|Any CPU.ActiveCfg = Debug|Any CPU
		{F3B8D2D8-8899-604E-B74A-7EBCF6986BEF}.Debug|Any CPU.Build.0 = Debug|Any CPU
		{F3B8D2D8-8899-604E-B74A-7EBCF6986BEF}.Release|Any CPU.ActiveCfg = Release|Any CPU
		{F3B8D2D8-8899-604E-B74A-7EBCF6986BEF}.Release|Any CPU.Build.0 = Release|Any CPU
		{C4E5ACF7-D8F7-0714-F213-CE22BE39D05A}.Debug|Any CPU.ActiveCfg = Debug|Any CPU
		{C4E5ACF7-D8F7-0714-F213-CE22BE39D05A}.Debug|Any CPU.Build.0 = Debug|Any CPU
		{C4E5ACF7-D8F7-0714-F213-CE22BE39D05A}.Release|Any CPU.ActiveCfg = Release|Any CPU
		{C4E5ACF7-D8F7-0714-F213-CE22BE39D05A}.Release|Any CPU.Build.0 = Release|Any CPU
		{40ABD9F3-D8A2-AFA5-4687-42A04B5FA566}.Debug|Any CPU.ActiveCfg = Debug|Any CPU
		{40ABD9F3-D8A2-AFA5-4687-42A04B5FA566}.Debug|Any CPU.Build.0 = Debug|Any CPU
		{40ABD9F3-D8A2-AFA5-4687-42A04B5FA566}.Release|Any CPU.ActiveCfg = Release|Any CPU
		{40ABD9F3-D8A2-AFA5-4687-42A04B5FA566}.Release|Any CPU.Build.0 = Release|Any CPU
		{CFA4C2A4-D3FB-B6D9-C688-FCF203FF7781}.Debug|Any CPU.ActiveCfg = Debug|Any CPU
		{CFA4C2A4-D3FB-B6D9-C688-FCF203FF7781}.Debug|Any CPU.Build.0 = Debug|Any CPU
		{CFA4C2A4-D3FB-B6D9-C688-FCF203FF7781}.Release|Any CPU.ActiveCfg = Release|Any CPU
		{CFA4C2A4-D3FB-B6D9-C688-FCF203FF7781}.Release|Any CPU.Build.0 = Release|Any CPU
		{A005AF14-BEDC-50EC-A143-DD6122CF24E1}.Debug|Any CPU.ActiveCfg = Debug|Any CPU
		{A005AF14-BEDC-50EC-A143-DD6122CF24E1}.Debug|Any CPU.Build.0 = Debug|Any CPU
		{A005AF14-BEDC-50EC-A143-DD6122CF24E1}.Release|Any CPU.ActiveCfg = Release|Any CPU
		{A005AF14-BEDC-50EC-A143-DD6122CF24E1}.Release|Any CPU.Build.0 = Release|Any CPU
		{ED2E690C-4C21-76A7-1D33-1425AA278787}.Debug|Any CPU.ActiveCfg = Debug|Any CPU
		{ED2E690C-4C21-76A7-1D33-1425AA278787}.Debug|Any CPU.Build.0 = Debug|Any CPU
		{ED2E690C-4C21-76A7-1D33-1425AA278787}.Release|Any CPU.ActiveCfg = Release|Any CPU
		{ED2E690C-4C21-76A7-1D33-1425AA278787}.Release|Any CPU.Build.0 = Release|Any CPU
		{350EDE53-63A9-3259-6DC5-B3AC788254C3}.Debug|Any CPU.ActiveCfg = Debug|Any CPU
		{350EDE53-63A9-3259-6DC5-B3AC788254C3}.Debug|Any CPU.Build.0 = Debug|Any CPU
		{350EDE53-63A9-3259-6DC5-B3AC788254C3}.Release|Any CPU.ActiveCfg = Release|Any CPU
		{350EDE53-63A9-3259-6DC5-B3AC788254C3}.Release|Any CPU.Build.0 = Release|Any CPU
		{E92C875F-C469-EDBA-7EC4-3E74E2620AC0}.Debug|Any CPU.ActiveCfg = Debug|Any CPU
		{E92C875F-C469-EDBA-7EC4-3E74E2620AC0}.Debug|Any CPU.Build.0 = Debug|Any CPU
		{E92C875F-C469-EDBA-7EC4-3E74E2620AC0}.Release|Any CPU.ActiveCfg = Release|Any CPU
		{E92C875F-C469-EDBA-7EC4-3E74E2620AC0}.Release|Any CPU.Build.0 = Release|Any CPU
		{B3D3BE13-E090-0DE0-EFB4-3965B0A2DC0F}.Debug|Any CPU.ActiveCfg = Debug|Any CPU
		{B3D3BE13-E090-0DE0-EFB4-3965B0A2DC0F}.Debug|Any CPU.Build.0 = Debug|Any CPU
		{B3D3BE13-E090-0DE0-EFB4-3965B0A2DC0F}.Release|Any CPU.ActiveCfg = Release|Any CPU
		{B3D3BE13-E090-0DE0-EFB4-3965B0A2DC0F}.Release|Any CPU.Build.0 = Release|Any CPU
		{8EC9B41E-0252-22F1-EC63-E9718B2D6F5D}.Debug|Any CPU.ActiveCfg = Debug|Any CPU
		{8EC9B41E-0252-22F1-EC63-E9718B2D6F5D}.Debug|Any CPU.Build.0 = Debug|Any CPU
		{8EC9B41E-0252-22F1-EC63-E9718B2D6F5D}.Release|Any CPU.ActiveCfg = Release|Any CPU
		{8EC9B41E-0252-22F1-EC63-E9718B2D6F5D}.Release|Any CPU.Build.0 = Release|Any CPU
		{D76D3193-2212-5A92-DDA7-F2127DAFE216}.Debug|Any CPU.ActiveCfg = Debug|Any CPU
		{D76D3193-2212-5A92-DDA7-F2127DAFE216}.Debug|Any CPU.Build.0 = Debug|Any CPU
		{D76D3193-2212-5A92-DDA7-F2127DAFE216}.Release|Any CPU.ActiveCfg = Release|Any CPU
		{D76D3193-2212-5A92-DDA7-F2127DAFE216}.Release|Any CPU.Build.0 = Release|Any CPU
		{28256D9A-3641-5320-0C7D-19C6ED092318}.Debug|Any CPU.ActiveCfg = Debug|Any CPU
		{28256D9A-3641-5320-0C7D-19C6ED092318}.Debug|Any CPU.Build.0 = Debug|Any CPU
		{28256D9A-3641-5320-0C7D-19C6ED092318}.Release|Any CPU.ActiveCfg = Release|Any CPU
		{28256D9A-3641-5320-0C7D-19C6ED092318}.Release|Any CPU.Build.0 = Release|Any CPU
		{EE25F451-B157-C2CC-D995-B6844211B127}.Debug|Any CPU.ActiveCfg = Debug|Any CPU
		{EE25F451-B157-C2CC-D995-B6844211B127}.Debug|Any CPU.Build.0 = Debug|Any CPU
		{EE25F451-B157-C2CC-D995-B6844211B127}.Release|Any CPU.ActiveCfg = Release|Any CPU
		{EE25F451-B157-C2CC-D995-B6844211B127}.Release|Any CPU.Build.0 = Release|Any CPU
		{5863FB8E-CD08-0F4B-923C-0779C449354D}.Debug|Any CPU.ActiveCfg = Debug|Any CPU
		{5863FB8E-CD08-0F4B-923C-0779C449354D}.Debug|Any CPU.Build.0 = Debug|Any CPU
		{5863FB8E-CD08-0F4B-923C-0779C449354D}.Release|Any CPU.ActiveCfg = Release|Any CPU
		{5863FB8E-CD08-0F4B-923C-0779C449354D}.Release|Any CPU.Build.0 = Release|Any CPU
		{B8484584-9145-DF56-51C9-E0EC283E8969}.Debug|Any CPU.ActiveCfg = Debug|Any CPU
		{B8484584-9145-DF56-51C9-E0EC283E8969}.Debug|Any CPU.Build.0 = Debug|Any CPU
		{B8484584-9145-DF56-51C9-E0EC283E8969}.Release|Any CPU.ActiveCfg = Release|Any CPU
		{B8484584-9145-DF56-51C9-E0EC283E8969}.Release|Any CPU.Build.0 = Release|Any CPU
		{6F623201-6EB4-FF1F-A241-DEE8781B3ECA}.Debug|Any CPU.ActiveCfg = Debug|Any CPU
		{6F623201-6EB4-FF1F-A241-DEE8781B3ECA}.Debug|Any CPU.Build.0 = Debug|Any CPU
		{6F623201-6EB4-FF1F-A241-DEE8781B3ECA}.Release|Any CPU.ActiveCfg = Release|Any CPU
		{6F623201-6EB4-FF1F-A241-DEE8781B3ECA}.Release|Any CPU.Build.0 = Release|Any CPU
		{0A95653A-F4AA-C09B-CE09-8D42E2821EB2}.Debug|Any CPU.ActiveCfg = Debug|Any CPU
		{0A95653A-F4AA-C09B-CE09-8D42E2821EB2}.Debug|Any CPU.Build.0 = Debug|Any CPU
		{0A95653A-F4AA-C09B-CE09-8D42E2821EB2}.Release|Any CPU.ActiveCfg = Release|Any CPU
		{0A95653A-F4AA-C09B-CE09-8D42E2821EB2}.Release|Any CPU.Build.0 = Release|Any CPU
		{EB96A665-0713-3584-3EF9-738151131E27}.Debug|Any CPU.ActiveCfg = Debug|Any CPU
		{EB96A665-0713-3584-3EF9-738151131E27}.Debug|Any CPU.Build.0 = Debug|Any CPU
		{EB96A665-0713-3584-3EF9-738151131E27}.Release|Any CPU.ActiveCfg = Release|Any CPU
		{EB96A665-0713-3584-3EF9-738151131E27}.Release|Any CPU.Build.0 = Release|Any CPU
		{F8A58CCD-5D8B-2C6F-FE50-F884BFB212FE}.Debug|Any CPU.ActiveCfg = Debug|Any CPU
		{F8A58CCD-5D8B-2C6F-FE50-F884BFB212FE}.Debug|Any CPU.Build.0 = Debug|Any CPU
		{F8A58CCD-5D8B-2C6F-FE50-F884BFB212FE}.Release|Any CPU.ActiveCfg = Release|Any CPU
		{F8A58CCD-5D8B-2C6F-FE50-F884BFB212FE}.Release|Any CPU.Build.0 = Release|Any CPU
		{07A9880A-84BD-4C52-6509-A3F6B5DD9B61}.Debug|Any CPU.ActiveCfg = Debug|Any CPU
		{07A9880A-84BD-4C52-6509-A3F6B5DD9B61}.Debug|Any CPU.Build.0 = Debug|Any CPU
		{07A9880A-84BD-4C52-6509-A3F6B5DD9B61}.Release|Any CPU.ActiveCfg = Release|Any CPU
		{07A9880A-84BD-4C52-6509-A3F6B5DD9B61}.Release|Any CPU.Build.0 = Release|Any CPU
		{71224616-E8C3-D28E-8755-4B6026A7EE01}.Debug|Any CPU.ActiveCfg = Debug|Any CPU
		{71224616-E8C3-D28E-8755-4B6026A7EE01}.Debug|Any CPU.Build.0 = Debug|Any CPU
		{71224616-E8C3-D28E-8755-4B6026A7EE01}.Release|Any CPU.ActiveCfg = Release|Any CPU
		{71224616-E8C3-D28E-8755-4B6026A7EE01}.Release|Any CPU.Build.0 = Release|Any CPU
		{30BFCF42-0468-7B64-0EE6-563886D5CCF9}.Debug|Any CPU.ActiveCfg = Debug|Any CPU
		{30BFCF42-0468-7B64-0EE6-563886D5CCF9}.Debug|Any CPU.Build.0 = Debug|Any CPU
		{30BFCF42-0468-7B64-0EE6-563886D5CCF9}.Release|Any CPU.ActiveCfg = Release|Any CPU
		{30BFCF42-0468-7B64-0EE6-563886D5CCF9}.Release|Any CPU.Build.0 = Release|Any CPU
		{956CF797-38F6-A23C-8C70-E76F64E91EBE}.Debug|Any CPU.ActiveCfg = Debug|Any CPU
		{956CF797-38F6-A23C-8C70-E76F64E91EBE}.Debug|Any CPU.Build.0 = Debug|Any CPU
		{956CF797-38F6-A23C-8C70-E76F64E91EBE}.Release|Any CPU.ActiveCfg = Release|Any CPU
		{956CF797-38F6-A23C-8C70-E76F64E91EBE}.Release|Any CPU.Build.0 = Release|Any CPU
		{647B6704-4B32-C760-2F3F-5D73EE6C0C2C}.Debug|Any CPU.ActiveCfg = Debug|Any CPU
		{647B6704-4B32-C760-2F3F-5D73EE6C0C2C}.Debug|Any CPU.Build.0 = Debug|Any CPU
		{647B6704-4B32-C760-2F3F-5D73EE6C0C2C}.Release|Any CPU.ActiveCfg = Release|Any CPU
		{647B6704-4B32-C760-2F3F-5D73EE6C0C2C}.Release|Any CPU.Build.0 = Release|Any CPU
		{D0530D4E-D376-AFEC-EC96-3493E16779E7}.Debug|Any CPU.ActiveCfg = Debug|Any CPU
		{D0530D4E-D376-AFEC-EC96-3493E16779E7}.Debug|Any CPU.Build.0 = Debug|Any CPU
		{D0530D4E-D376-AFEC-EC96-3493E16779E7}.Release|Any CPU.ActiveCfg = Release|Any CPU
		{D0530D4E-D376-AFEC-EC96-3493E16779E7}.Release|Any CPU.Build.0 = Release|Any CPU
		{1EFAD670-99FA-D0BD-0A61-A4DB39D3BDED}.Debug|Any CPU.ActiveCfg = Debug|Any CPU
		{1EFAD670-99FA-D0BD-0A61-A4DB39D3BDED}.Debug|Any CPU.Build.0 = Debug|Any CPU
		{1EFAD670-99FA-D0BD-0A61-A4DB39D3BDED}.Release|Any CPU.ActiveCfg = Release|Any CPU
		{1EFAD670-99FA-D0BD-0A61-A4DB39D3BDED}.Release|Any CPU.Build.0 = Release|Any CPU
		{FE54BF53-C2A6-8A97-D992-A76F91CEA377}.Debug|Any CPU.ActiveCfg = Debug|Any CPU
		{FE54BF53-C2A6-8A97-D992-A76F91CEA377}.Debug|Any CPU.Build.0 = Debug|Any CPU
		{FE54BF53-C2A6-8A97-D992-A76F91CEA377}.Release|Any CPU.ActiveCfg = Release|Any CPU
		{FE54BF53-C2A6-8A97-D992-A76F91CEA377}.Release|Any CPU.Build.0 = Release|Any CPU
		{03508CB2-C337-EE5F-4039-DFD8A86C826A}.Debug|Any CPU.ActiveCfg = Debug|Any CPU
		{03508CB2-C337-EE5F-4039-DFD8A86C826A}.Debug|Any CPU.Build.0 = Debug|Any CPU
		{03508CB2-C337-EE5F-4039-DFD8A86C826A}.Release|Any CPU.ActiveCfg = Release|Any CPU
		{03508CB2-C337-EE5F-4039-DFD8A86C826A}.Release|Any CPU.Build.0 = Release|Any CPU
		{F74DAA2A-8E9B-0CB9-6E79-D78D9B6CBC85}.Debug|Any CPU.ActiveCfg = Debug|Any CPU
		{F74DAA2A-8E9B-0CB9-6E79-D78D9B6CBC85}.Debug|Any CPU.Build.0 = Debug|Any CPU
		{F74DAA2A-8E9B-0CB9-6E79-D78D9B6CBC85}.Release|Any CPU.ActiveCfg = Release|Any CPU
		{F74DAA2A-8E9B-0CB9-6E79-D78D9B6CBC85}.Release|Any CPU.Build.0 = Release|Any CPU
		{5F4FD81B-4F52-DE09-7CFB-DD49B7C59024}.Debug|Any CPU.ActiveCfg = Debug|Any CPU
		{5F4FD81B-4F52-DE09-7CFB-DD49B7C59024}.Debug|Any CPU.Build.0 = Debug|Any CPU
		{5F4FD81B-4F52-DE09-7CFB-DD49B7C59024}.Release|Any CPU.ActiveCfg = Release|Any CPU
		{5F4FD81B-4F52-DE09-7CFB-DD49B7C59024}.Release|Any CPU.Build.0 = Release|Any CPU
		{EF967A91-BCE6-9B58-75E9-1DFF2A4C7464}.Debug|Any CPU.ActiveCfg = Debug|Any CPU
		{EF967A91-BCE6-9B58-75E9-1DFF2A4C7464}.Debug|Any CPU.Build.0 = Debug|Any CPU
		{EF967A91-BCE6-9B58-75E9-1DFF2A4C7464}.Release|Any CPU.ActiveCfg = Release|Any CPU
		{EF967A91-BCE6-9B58-75E9-1DFF2A4C7464}.Release|Any CPU.Build.0 = Release|Any CPU
		{64C9C640-4E99-5A20-B3D2-E7DD2571BAEF}.Debug|Any CPU.ActiveCfg = Debug|Any CPU
		{64C9C640-4E99-5A20-B3D2-E7DD2571BAEF}.Debug|Any CPU.Build.0 = Debug|Any CPU
		{64C9C640-4E99-5A20-B3D2-E7DD2571BAEF}.Release|Any CPU.ActiveCfg = Release|Any CPU
		{64C9C640-4E99-5A20-B3D2-E7DD2571BAEF}.Release|Any CPU.Build.0 = Release|Any CPU
		{3E89B8D3-2E3C-035A-F26E-5F96A991E58C}.Debug|Any CPU.ActiveCfg = Debug|Any CPU
		{3E89B8D3-2E3C-035A-F26E-5F96A991E58C}.Debug|Any CPU.Build.0 = Debug|Any CPU
		{3E89B8D3-2E3C-035A-F26E-5F96A991E58C}.Release|Any CPU.ActiveCfg = Release|Any CPU
		{3E89B8D3-2E3C-035A-F26E-5F96A991E58C}.Release|Any CPU.Build.0 = Release|Any CPU
		{C0E5F2B9-A875-DE20-88D5-3ECF640C0D6F}.Debug|Any CPU.ActiveCfg = Debug|Any CPU
		{C0E5F2B9-A875-DE20-88D5-3ECF640C0D6F}.Debug|Any CPU.Build.0 = Debug|Any CPU
		{C0E5F2B9-A875-DE20-88D5-3ECF640C0D6F}.Release|Any CPU.ActiveCfg = Release|Any CPU
		{C0E5F2B9-A875-DE20-88D5-3ECF640C0D6F}.Release|Any CPU.Build.0 = Release|Any CPU
		{CAB81B5E-67AD-4256-7751-BE6391349451}.Debug|Any CPU.ActiveCfg = Debug|Any CPU
		{CAB81B5E-67AD-4256-7751-BE6391349451}.Debug|Any CPU.Build.0 = Debug|Any CPU
		{CAB81B5E-67AD-4256-7751-BE6391349451}.Release|Any CPU.ActiveCfg = Release|Any CPU
		{CAB81B5E-67AD-4256-7751-BE6391349451}.Release|Any CPU.Build.0 = Release|Any CPU
		{C3CF2E62-1481-F803-8E14-2C749D27577A}.Debug|Any CPU.ActiveCfg = Debug|Any CPU
		{C3CF2E62-1481-F803-8E14-2C749D27577A}.Debug|Any CPU.Build.0 = Debug|Any CPU
		{C3CF2E62-1481-F803-8E14-2C749D27577A}.Release|Any CPU.ActiveCfg = Release|Any CPU
		{C3CF2E62-1481-F803-8E14-2C749D27577A}.Release|Any CPU.Build.0 = Release|Any CPU
		{689E7BA6-1F40-FA6F-EEAC-A3FF6BAB884A}.Debug|Any CPU.ActiveCfg = Debug|Any CPU
		{689E7BA6-1F40-FA6F-EEAC-A3FF6BAB884A}.Debug|Any CPU.Build.0 = Debug|Any CPU
		{689E7BA6-1F40-FA6F-EEAC-A3FF6BAB884A}.Release|Any CPU.ActiveCfg = Release|Any CPU
		{689E7BA6-1F40-FA6F-EEAC-A3FF6BAB884A}.Release|Any CPU.Build.0 = Release|Any CPU
		{17D3DBFF-49DC-1A78-EC2B-B076DA635A0C}.Debug|Any CPU.ActiveCfg = Debug|Any CPU
		{17D3DBFF-49DC-1A78-EC2B-B076DA635A0C}.Debug|Any CPU.Build.0 = Debug|Any CPU
		{17D3DBFF-49DC-1A78-EC2B-B076DA635A0C}.Release|Any CPU.ActiveCfg = Release|Any CPU
		{17D3DBFF-49DC-1A78-EC2B-B076DA635A0C}.Release|Any CPU.Build.0 = Release|Any CPU
		{300AF097-50BF-AB20-05E0-795F19F3B0F0}.Debug|Any CPU.ActiveCfg = Debug|Any CPU
		{300AF097-50BF-AB20-05E0-795F19F3B0F0}.Debug|Any CPU.Build.0 = Debug|Any CPU
		{300AF097-50BF-AB20-05E0-795F19F3B0F0}.Release|Any CPU.ActiveCfg = Release|Any CPU
		{300AF097-50BF-AB20-05E0-795F19F3B0F0}.Release|Any CPU.Build.0 = Release|Any CPU
		{D0E84B73-6E8C-D202-B9E0-D48B66093F0A}.Debug|Any CPU.ActiveCfg = Debug|Any CPU
		{D0E84B73-6E8C-D202-B9E0-D48B66093F0A}.Debug|Any CPU.Build.0 = Debug|Any CPU
		{D0E84B73-6E8C-D202-B9E0-D48B66093F0A}.Release|Any CPU.ActiveCfg = Release|Any CPU
		{D0E84B73-6E8C-D202-B9E0-D48B66093F0A}.Release|Any CPU.Build.0 = Release|Any CPU
		{4F0C57E0-1C35-8505-94A1-C9234AC2A610}.Debug|Any CPU.ActiveCfg = Debug|Any CPU
		{4F0C57E0-1C35-8505-94A1-C9234AC2A610}.Debug|Any CPU.Build.0 = Debug|Any CPU
		{4F0C57E0-1C35-8505-94A1-C9234AC2A610}.Release|Any CPU.ActiveCfg = Release|Any CPU
		{4F0C57E0-1C35-8505-94A1-C9234AC2A610}.Release|Any CPU.Build.0 = Release|Any CPU
		{600763E7-5E7C-C4A8-AA9C-99C099BB3A90}.Debug|Any CPU.ActiveCfg = Debug|Any CPU
		{600763E7-5E7C-C4A8-AA9C-99C099BB3A90}.Debug|Any CPU.Build.0 = Debug|Any CPU
		{600763E7-5E7C-C4A8-AA9C-99C099BB3A90}.Release|Any CPU.ActiveCfg = Release|Any CPU
		{600763E7-5E7C-C4A8-AA9C-99C099BB3A90}.Release|Any CPU.Build.0 = Release|Any CPU
		{E1A59B16-716B-2077-0427-1CB143F54806}.Debug|Any CPU.ActiveCfg = Debug|Any CPU
		{E1A59B16-716B-2077-0427-1CB143F54806}.Debug|Any CPU.Build.0 = Debug|Any CPU
		{E1A59B16-716B-2077-0427-1CB143F54806}.Release|Any CPU.ActiveCfg = Release|Any CPU
		{E1A59B16-716B-2077-0427-1CB143F54806}.Release|Any CPU.Build.0 = Release|Any CPU
	EndGlobalSection
	GlobalSection(SolutionProperties) = preSolution
		HideSolutionNode = FALSE
	EndGlobalSection
EndGlobal
